// !$*UTF8*$!
{
	archiveVersion = 1;
	classes = {
	};
	objectVersion = 56;
	objects = {

/* Begin PBXBuildFile section */
		7AEC638529DD81DE00C8A8F3 /* VideoCoreDataApp.swift in Sources */ = {isa = PBXBuildFile; fileRef = 7AEC638429DD81DE00C8A8F3 /* VideoCoreDataApp.swift */; };
		7AEC638729DD81DE00C8A8F3 /* ContentView.swift in Sources */ = {isa = PBXBuildFile; fileRef = 7AEC638629DD81DE00C8A8F3 /* ContentView.swift */; };
		7AEC638929DD81E000C8A8F3 /* Assets.xcassets in Resources */ = {isa = PBXBuildFile; fileRef = 7AEC638829DD81E000C8A8F3 /* Assets.xcassets */; };
		7AEC638C29DD81E000C8A8F3 /* Preview Assets.xcassets in Resources */ = {isa = PBXBuildFile; fileRef = 7AEC638B29DD81E000C8A8F3 /* Preview Assets.xcassets */; };
		7AEC639429DD820E00C8A8F3 /* Model.xcdatamodeld in Sources */ = {isa = PBXBuildFile; fileRef = 7AEC639229DD820E00C8A8F3 /* Model.xcdatamodeld */; };
		7AEC639629DD824B00C8A8F3 /* DataController.swift in Sources */ = {isa = PBXBuildFile; fileRef = 7AEC639529DD824B00C8A8F3 /* DataController.swift */; };
		7AEC63A429DE03FF00C8A8F3 /* SplitViewModel.swift in Sources */ = {isa = PBXBuildFile; fileRef = 7AEC63A329DE03FF00C8A8F3 /* SplitViewModel.swift */; };
		7AEC63A629DE04B400C8A8F3 /* ÜbungsViewModel.swift in Sources */ = {isa = PBXBuildFile; fileRef = 7AEC63A529DE04B400C8A8F3 /* ÜbungsViewModel.swift */; };
		7AEC63A829DE08A100C8A8F3 /* ÜbungsView.swift in Sources */ = {isa = PBXBuildFile; fileRef = 7AEC63A729DE08A100C8A8F3 /* ÜbungsView.swift */; };
		7AEC63AD29E00B6800C8A8F3 /* Uebung+CoreDataClass.swift in Sources */ = {isa = PBXBuildFile; fileRef = 7AEC63A929E00B6800C8A8F3 /* Uebung+CoreDataClass.swift */; };
		7AEC63AE29E00B6800C8A8F3 /* Uebung+CoreDataProperties.swift in Sources */ = {isa = PBXBuildFile; fileRef = 7AEC63AA29E00B6800C8A8F3 /* Uebung+CoreDataProperties.swift */; };
		7AEC63AF29E00B6800C8A8F3 /* Split+CoreDataClass.swift in Sources */ = {isa = PBXBuildFile; fileRef = 7AEC63AB29E00B6800C8A8F3 /* Split+CoreDataClass.swift */; };
		7AEC63B029E00B6800C8A8F3 /* Split+CoreDataProperties.swift in Sources */ = {isa = PBXBuildFile; fileRef = 7AEC63AC29E00B6800C8A8F3 /* Split+CoreDataProperties.swift */; };
/* End PBXBuildFile section */

/* Begin PBXFileReference section */
		7AEC638129DD81DE00C8A8F3 /* VideoCoreData.app */ = {isa = PBXFileReference; explicitFileType = wrapper.application; includeInIndex = 0; path = VideoCoreData.app; sourceTree = BUILT_PRODUCTS_DIR; };
		7AEC638429DD81DE00C8A8F3 /* VideoCoreDataApp.swift */ = {isa = PBXFileReference; lastKnownFileType = sourcecode.swift; path = VideoCoreDataApp.swift; sourceTree = "<group>"; };
		7AEC638629DD81DE00C8A8F3 /* ContentView.swift */ = {isa = PBXFileReference; lastKnownFileType = sourcecode.swift; path = ContentView.swift; sourceTree = "<group>"; };
		7AEC638829DD81E000C8A8F3 /* Assets.xcassets */ = {isa = PBXFileReference; lastKnownFileType = folder.assetcatalog; path = Assets.xcassets; sourceTree = "<group>"; };
		7AEC638B29DD81E000C8A8F3 /* Preview Assets.xcassets */ = {isa = PBXFileReference; lastKnownFileType = folder.assetcatalog; path = "Preview Assets.xcassets"; sourceTree = "<group>"; };
		7AEC639329DD820E00C8A8F3 /* Model.xcdatamodel */ = {isa = PBXFileReference; lastKnownFileType = wrapper.xcdatamodel; path = Model.xcdatamodel; sourceTree = "<group>"; };
		7AEC639529DD824B00C8A8F3 /* DataController.swift */ = {isa = PBXFileReference; lastKnownFileType = sourcecode.swift; path = DataController.swift; sourceTree = "<group>"; };
		7AEC63A329DE03FF00C8A8F3 /* SplitViewModel.swift */ = {isa = PBXFileReference; lastKnownFileType = sourcecode.swift; path = SplitViewModel.swift; sourceTree = "<group>"; };
		7AEC63A529DE04B400C8A8F3 /* ÜbungsViewModel.swift */ = {isa = PBXFileReference; lastKnownFileType = sourcecode.swift; path = "ÜbungsViewModel.swift"; sourceTree = "<group>"; };
		7AEC63A729DE08A100C8A8F3 /* ÜbungsView.swift */ = {isa = PBXFileReference; lastKnownFileType = sourcecode.swift; path = "ÜbungsView.swift"; sourceTree = "<group>"; };
		7AEC63A929E00B6800C8A8F3 /* Uebung+CoreDataClass.swift */ = {isa = PBXFileReference; lastKnownFileType = sourcecode.swift; path = "Uebung+CoreDataClass.swift"; sourceTree = "<group>"; };
		7AEC63AA29E00B6800C8A8F3 /* Uebung+CoreDataProperties.swift */ = {isa = PBXFileReference; lastKnownFileType = sourcecode.swift; path = "Uebung+CoreDataProperties.swift"; sourceTree = "<group>"; };
		7AEC63AB29E00B6800C8A8F3 /* Split+CoreDataClass.swift */ = {isa = PBXFileReference; lastKnownFileType = sourcecode.swift; path = "Split+CoreDataClass.swift"; sourceTree = "<group>"; };
		7AEC63AC29E00B6800C8A8F3 /* Split+CoreDataProperties.swift */ = {isa = PBXFileReference; lastKnownFileType = sourcecode.swift; path = "Split+CoreDataProperties.swift"; sourceTree = "<group>"; };
/* End PBXFileReference section */

/* Begin PBXFrameworksBuildPhase section */
		7AEC637E29DD81DE00C8A8F3 /* Frameworks */ = {
			isa = PBXFrameworksBuildPhase;
			buildActionMask = 2147483647;
			files = (
			);
			runOnlyForDeploymentPostprocessing = 0;
		};
/* End PBXFrameworksBuildPhase section */

/* Begin PBXGroup section */
		7AEC637829DD81DE00C8A8F3 = {
			isa = PBXGroup;
			children = (
				7AEC638329DD81DE00C8A8F3 /* VideoCoreData */,
				7AEC638229DD81DE00C8A8F3 /* Products */,
			);
			sourceTree = "<group>";
		};
		7AEC638229DD81DE00C8A8F3 /* Products */ = {
			isa = PBXGroup;
			children = (
				7AEC638129DD81DE00C8A8F3 /* VideoCoreData.app */,
			);
			name = Products;
			sourceTree = "<group>";
		};
		7AEC638329DD81DE00C8A8F3 /* VideoCoreData */ = {
			isa = PBXGroup;
			children = (
				7AEC63A929E00B6800C8A8F3 /* Uebung+CoreDataClass.swift */,
				7AEC63AA29E00B6800C8A8F3 /* Uebung+CoreDataProperties.swift */,
				7AEC63AB29E00B6800C8A8F3 /* Split+CoreDataClass.swift */,
				7AEC63AC29E00B6800C8A8F3 /* Split+CoreDataProperties.swift */,
				7AEC63A329DE03FF00C8A8F3 /* SplitViewModel.swift */,
				7AEC63A529DE04B400C8A8F3 /* ÜbungsViewModel.swift */,
				7AEC638629DD81DE00C8A8F3 /* ContentView.swift */,
				7AEC63A729DE08A100C8A8F3 /* ÜbungsView.swift */,
				7AEC639529DD824B00C8A8F3 /* DataController.swift */,
				7AEC638429DD81DE00C8A8F3 /* VideoCoreDataApp.swift */,
				7AEC639229DD820E00C8A8F3 /* Model.xcdatamodeld */,
				7AEC638829DD81E000C8A8F3 /* Assets.xcassets */,
				7AEC638A29DD81E000C8A8F3 /* Preview Content */,
			);
			path = VideoCoreData;
			sourceTree = "<group>";
		};
		7AEC638A29DD81E000C8A8F3 /* Preview Content */ = {
			isa = PBXGroup;
			children = (
				7AEC638B29DD81E000C8A8F3 /* Preview Assets.xcassets */,
			);
			path = "Preview Content";
			sourceTree = "<group>";
		};
/* End PBXGroup section */

/* Begin PBXNativeTarget section */
		7AEC638029DD81DE00C8A8F3 /* VideoCoreData */ = {
			isa = PBXNativeTarget;
			buildConfigurationList = 7AEC638F29DD81E000C8A8F3 /* Build configuration list for PBXNativeTarget "VideoCoreData" */;
			buildPhases = (
				7AEC637D29DD81DE00C8A8F3 /* Sources */,
				7AEC637E29DD81DE00C8A8F3 /* Frameworks */,
				7AEC637F29DD81DE00C8A8F3 /* Resources */,
			);
			buildRules = (
			);
			dependencies = (
			);
			name = VideoCoreData;
			productName = VideoCoreData;
			productReference = 7AEC638129DD81DE00C8A8F3 /* VideoCoreData.app */;
			productType = "com.apple.product-type.application";
		};
/* End PBXNativeTarget section */

/* Begin PBXProject section */
		7AEC637929DD81DE00C8A8F3 /* Project object */ = {
			isa = PBXProject;
			attributes = {
				BuildIndependentTargetsInParallel = 1;
				LastSwiftUpdateCheck = 1430;
				LastUpgradeCheck = 1430;
				TargetAttributes = {
					7AEC638029DD81DE00C8A8F3 = {
						CreatedOnToolsVersion = 14.3;
					};
				};
			};
			buildConfigurationList = 7AEC637C29DD81DE00C8A8F3 /* Build configuration list for PBXProject "VideoCoreData" */;
			compatibilityVersion = "Xcode 14.0";
			developmentRegion = en;
			hasScannedForEncodings = 0;
			knownRegions = (
				en,
				Base,
			);
			mainGroup = 7AEC637829DD81DE00C8A8F3;
			productRefGroup = 7AEC638229DD81DE00C8A8F3 /* Products */;
			projectDirPath = "";
			projectRoot = "";
			targets = (
				7AEC638029DD81DE00C8A8F3 /* VideoCoreData */,
			);
		};
/* End PBXProject section */

/* Begin PBXResourcesBuildPhase section */
		7AEC637F29DD81DE00C8A8F3 /* Resources */ = {
			isa = PBXResourcesBuildPhase;
			buildActionMask = 2147483647;
			files = (
				7AEC638C29DD81E000C8A8F3 /* Preview Assets.xcassets in Resources */,
				7AEC638929DD81E000C8A8F3 /* Assets.xcassets in Resources */,
			);
			runOnlyForDeploymentPostprocessing = 0;
		};
/* End PBXResourcesBuildPhase section */

/* Begin PBXSourcesBuildPhase section */
		7AEC637D29DD81DE00C8A8F3 /* Sources */ = {
			isa = PBXSourcesBuildPhase;
			buildActionMask = 2147483647;
			files = (
				7AEC63A429DE03FF00C8A8F3 /* SplitViewModel.swift in Sources */,
				7AEC638729DD81DE00C8A8F3 /* ContentView.swift in Sources */,
				7AEC639629DD824B00C8A8F3 /* DataController.swift in Sources */,
				7AEC638529DD81DE00C8A8F3 /* VideoCoreDataApp.swift in Sources */,
				7AEC639429DD820E00C8A8F3 /* Model.xcdatamodeld in Sources */,
				7AEC63B029E00B6800C8A8F3 /* Split+CoreDataProperties.swift in Sources */,
				7AEC63AE29E00B6800C8A8F3 /* Uebung+CoreDataProperties.swift in Sources */,
				7AEC63AF29E00B6800C8A8F3 /* Split+CoreDataClass.swift in Sources */,
				7AEC63A829DE08A100C8A8F3 /* ÜbungsView.swift in Sources */,
				7AEC63A629DE04B400C8A8F3 /* ÜbungsViewModel.swift in Sources */,
				7AEC63AD29E00B6800C8A8F3 /* Uebung+CoreDataClass.swift in Sources */,
			);
			runOnlyForDeploymentPostprocessing = 0;
		};
/* End PBXSourcesBuildPhase section */

/* Begin XCBuildConfiguration section */
		7AEC638D29DD81E000C8A8F3 /* Debug */ = {
			isa = XCBuildConfiguration;
			buildSettings = {
				ALWAYS_SEARCH_USER_PATHS = NO;
				CLANG_ANALYZER_NONNULL = YES;
				CLANG_ANALYZER_NUMBER_OBJECT_CONVERSION = YES_AGGRESSIVE;
				CLANG_CXX_LANGUAGE_STANDARD = "gnu++20";
				CLANG_ENABLE_MODULES = YES;
				CLANG_ENABLE_OBJC_ARC = YES;
				CLANG_ENABLE_OBJC_WEAK = YES;
				CLANG_WARN_BLOCK_CAPTURE_AUTORELEASING = YES;
				CLANG_WARN_BOOL_CONVERSION = YES;
				CLANG_WARN_COMMA = YES;
				CLANG_WARN_CONSTANT_CONVERSION = YES;
				CLANG_WARN_DEPRECATED_OBJC_IMPLEMENTATIONS = YES;
				CLANG_WARN_DIRECT_OBJC_ISA_USAGE = YES_ERROR;
				CLANG_WARN_DOCUMENTATION_COMMENTS = YES;
				CLANG_WARN_EMPTY_BODY = YES;
				CLANG_WARN_ENUM_CONVERSION = YES;
				CLANG_WARN_INFINITE_RECURSION = YES;
				CLANG_WARN_INT_CONVERSION = YES;
				CLANG_WARN_NON_LITERAL_NULL_CONVERSION = YES;
				CLANG_WARN_OBJC_IMPLICIT_RETAIN_SELF = YES;
				CLANG_WARN_OBJC_LITERAL_CONVERSION = YES;
				CLANG_WARN_OBJC_ROOT_CLASS = YES_ERROR;
				CLANG_WARN_QUOTED_INCLUDE_IN_FRAMEWORK_HEADER = YES;
				CLANG_WARN_RANGE_LOOP_ANALYSIS = YES;
				CLANG_WARN_STRICT_PROTOTYPES = YES;
				CLANG_WARN_SUSPICIOUS_MOVE = YES;
				CLANG_WARN_UNGUARDED_AVAILABILITY = YES_AGGRESSIVE;
				CLANG_WARN_UNREACHABLE_CODE = YES;
				CLANG_WARN__DUPLICATE_METHOD_MATCH = YES;
				COPY_PHASE_STRIP = NO;
				DEBUG_INFORMATION_FORMAT = dwarf;
				ENABLE_STRICT_OBJC_MSGSEND = YES;
				ENABLE_TESTABILITY = YES;
				GCC_C_LANGUAGE_STANDARD = gnu11;
				GCC_DYNAMIC_NO_PIC = NO;
				GCC_NO_COMMON_BLOCKS = YES;
				GCC_OPTIMIZATION_LEVEL = 0;
				GCC_PREPROCESSOR_DEFINITIONS = (
					"DEBUG=1",
					"$(inherited)",
				);
				GCC_WARN_64_TO_32_BIT_CONVERSION = YES;
				GCC_WARN_ABOUT_RETURN_TYPE = YES_ERROR;
				GCC_WARN_UNDECLARED_SELECTOR = YES;
				GCC_WARN_UNINITIALIZED_AUTOS = YES_AGGRESSIVE;
				GCC_WARN_UNUSED_FUNCTION = YES;
				GCC_WARN_UNUSED_VARIABLE = YES;
				IPHONEOS_DEPLOYMENT_TARGET = 16.4;
				MTL_ENABLE_DEBUG_INFO = INCLUDE_SOURCE;
				MTL_FAST_MATH = YES;
				ONLY_ACTIVE_ARCH = YES;
				SDKROOT = iphoneos;
				SWIFT_ACTIVE_COMPILATION_CONDITIONS = DEBUG;
				SWIFT_OPTIMIZATION_LEVEL = "-Onone";
			};
			name = Debug;
		};
		7AEC638E29DD81E000C8A8F3 /* Release */ = {
			isa = XCBuildConfiguration;
			buildSettings = {
				ALWAYS_SEARCH_USER_PATHS = NO;
				CLANG_ANALYZER_NONNULL = YES;
				CLANG_ANALYZER_NUMBER_OBJECT_CONVERSION = YES_AGGRESSIVE;
				CLANG_CXX_LANGUAGE_STANDARD = "gnu++20";
				CLANG_ENABLE_MODULES = YES;
				CLANG_ENABLE_OBJC_ARC = YES;
				CLANG_ENABLE_OBJC_WEAK = YES;
				CLANG_WARN_BLOCK_CAPTURE_AUTORELEASING = YES;
				CLANG_WARN_BOOL_CONVERSION = YES;
				CLANG_WARN_COMMA = YES;
				CLANG_WARN_CONSTANT_CONVERSION = YES;
				CLANG_WARN_DEPRECATED_OBJC_IMPLEMENTATIONS = YES;
				CLANG_WARN_DIRECT_OBJC_ISA_USAGE = YES_ERROR;
				CLANG_WARN_DOCUMENTATION_COMMENTS = YES;
				CLANG_WARN_EMPTY_BODY = YES;
				CLANG_WARN_ENUM_CONVERSION = YES;
				CLANG_WARN_INFINITE_RECURSION = YES;
				CLANG_WARN_INT_CONVERSION = YES;
				CLANG_WARN_NON_LITERAL_NULL_CONVERSION = YES;
				CLANG_WARN_OBJC_IMPLICIT_RETAIN_SELF = YES;
				CLANG_WARN_OBJC_LITERAL_CONVERSION = YES;
				CLANG_WARN_OBJC_ROOT_CLASS = YES_ERROR;
				CLANG_WARN_QUOTED_INCLUDE_IN_FRAMEWORK_HEADER = YES;
				CLANG_WARN_RANGE_LOOP_ANALYSIS = YES;
				CLANG_WARN_STRICT_PROTOTYPES = YES;
				CLANG_WARN_SUSPICIOUS_MOVE = YES;
				CLANG_WARN_UNGUARDED_AVAILABILITY = YES_AGGRESSIVE;
				CLANG_WARN_UNREACHABLE_CODE = YES;
				CLANG_WARN__DUPLICATE_METHOD_MATCH = YES;
				COPY_PHASE_STRIP = NO;
				DEBUG_INFORMATION_FORMAT = "dwarf-with-dsym";
				ENABLE_NS_ASSERTIONS = NO;
				ENABLE_STRICT_OBJC_MSGSEND = YES;
				GCC_C_LANGUAGE_STANDARD = gnu11;
				GCC_NO_COMMON_BLOCKS = YES;
				GCC_WARN_64_TO_32_BIT_CONVERSION = YES;
				GCC_WARN_ABOUT_RETURN_TYPE = YES_ERROR;
				GCC_WARN_UNDECLARED_SELECTOR = YES;
				GCC_WARN_UNINITIALIZED_AUTOS = YES_AGGRESSIVE;
				GCC_WARN_UNUSED_FUNCTION = YES;
				GCC_WARN_UNUSED_VARIABLE = YES;
				IPHONEOS_DEPLOYMENT_TARGET = 16.4;
				MTL_ENABLE_DEBUG_INFO = NO;
				MTL_FAST_MATH = YES;
				SDKROOT = iphoneos;
				SWIFT_COMPILATION_MODE = wholemodule;
				SWIFT_OPTIMIZATION_LEVEL = "-O";
				VALIDATE_PRODUCT = YES;
			};
			name = Release;
		};
		7AEC639029DD81E000C8A8F3 /* Debug */ = {
			isa = XCBuildConfiguration;
			buildSettings = {
				ASSETCATALOG_COMPILER_APPICON_NAME = AppIcon;
				ASSETCATALOG_COMPILER_GLOBAL_ACCENT_COLOR_NAME = AccentColor;
				CODE_SIGN_STYLE = Automatic;
				CURRENT_PROJECT_VERSION = 1;
				DEVELOPMENT_ASSET_PATHS = "\"VideoCoreData/Preview Content\"";
				DEVELOPMENT_TEAM = 9RY44N87S7;
				ENABLE_PREVIEWS = YES;
				GENERATE_INFOPLIST_FILE = YES;
				INFOPLIST_KEY_UIApplicationSceneManifest_Generation = YES;
				INFOPLIST_KEY_UIApplicationSupportsIndirectInputEvents = YES;
				INFOPLIST_KEY_UILaunchScreen_Generation = YES;
				INFOPLIST_KEY_UISupportedInterfaceOrientations_iPad = "UIInterfaceOrientationPortrait UIInterfaceOrientationPortraitUpsideDown UIInterfaceOrientationLandscapeLeft UIInterfaceOrientationLandscapeRight";
				INFOPLIST_KEY_UISupportedInterfaceOrientations_iPhone = "UIInterfaceOrientationPortrait UIInterfaceOrientationLandscapeLeft UIInterfaceOrientationLandscapeRight";
				LD_RUNPATH_SEARCH_PATHS = (
					"$(inherited)",
					"@executable_path/Frameworks",
				);
				MARKETING_VERSION = 1.0;
				PRODUCT_BUNDLE_IDENTIFIER = "Maximillian-Stabe.VideoCoreData";
				PRODUCT_NAME = "$(TARGET_NAME)";
				SWIFT_EMIT_LOC_STRINGS = YES;
				SWIFT_VERSION = 5.0;
				TARGETED_DEVICE_FAMILY = "1,2";
			};
			name = Debug;
		};
		7AEC639129DD81E000C8A8F3 /* Release */ = {
			isa = XCBuildConfiguration;
			buildSettings = {
				ASSETCATALOG_COMPILER_APPICON_NAME = AppIcon;
				ASSETCATALOG_COMPILER_GLOBAL_ACCENT_COLOR_NAME = AccentColor;
				CODE_SIGN_STYLE = Automatic;
				CURRENT_PROJECT_VERSION = 1;
				DEVELOPMENT_ASSET_PATHS = "\"VideoCoreData/Preview Content\"";
				DEVELOPMENT_TEAM = 9RY44N87S7;
				ENABLE_PREVIEWS = YES;
				GENERATE_INFOPLIST_FILE = YES;
				INFOPLIST_KEY_UIApplicationSceneManifest_Generation = YES;
				INFOPLIST_KEY_UIApplicationSupportsIndirectInputEvents = YES;
				INFOPLIST_KEY_UILaunchScreen_Generation = YES;
				INFOPLIST_KEY_UISupportedInterfaceOrientations_iPad = "UIInterfaceOrientationPortrait UIInterfaceOrientationPortraitUpsideDown UIInterfaceOrientationLandscapeLeft UIInterfaceOrientationLandscapeRight";
				INFOPLIST_KEY_UISupportedInterfaceOrientations_iPhone = "UIInterfaceOrientationPortrait UIInterfaceOrientationLandscapeLeft UIInterfaceOrientationLandscapeRight";
				LD_RUNPATH_SEARCH_PATHS = (
					"$(inherited)",
					"@executable_path/Frameworks",
				);
				MARKETING_VERSION = 1.0;
				PRODUCT_BUNDLE_IDENTIFIER = "Maximillian-Stabe.VideoCoreData";
				PRODUCT_NAME = "$(TARGET_NAME)";
				SWIFT_EMIT_LOC_STRINGS = YES;
				SWIFT_VERSION = 5.0;
				TARGETED_DEVICE_FAMILY = "1,2";
			};
			name = Release;
		};
/* End XCBuildConfiguration section */

/* Begin XCConfigurationList section */
		7AEC637C29DD81DE00C8A8F3 /* Build configuration list for PBXProject "VideoCoreData" */ = {
			isa = XCConfigurationList;
			buildConfigurations = (
				7AEC638D29DD81E000C8A8F3 /* Debug */,
				7AEC638E29DD81E000C8A8F3 /* Release */,
			);
			defaultConfigurationIsVisible = 0;
			defaultConfigurationName = Release;
		};
		7AEC638F29DD81E000C8A8F3 /* Build configuration list for PBXNativeTarget "VideoCoreData" */ = {
			isa = XCConfigurationList;
			buildConfigurations = (
				7AEC639029DD81E000C8A8F3 /* Debug */,
				7AEC639129DD81E000C8A8F3 /* Release */,
			);
			defaultConfigurationIsVisible = 0;
			defaultConfigurationName = Release;
		};
/* End XCConfigurationList section */

/* Begin XCVersionGroup section */
		7AEC639229DD820E00C8A8F3 /* Model.xcdatamodeld */ = {
			isa = XCVersionGroup;
			children = (
				7AEC639329DD820E00C8A8F3 /* Model.xcdatamodel */,
			);
			currentVersion = 7AEC639329DD820E00C8A8F3 /* Model.xcdatamodel */;
			path = Model.xcdatamodeld;
			sourceTree = "<group>";
			versionGroupType = wrapper.xcdatamodel;
		};
/* End XCVersionGroup section */
	};
	rootObject = 7AEC637929DD81DE00C8A8F3 /* Project object */;
}
