// !$*UTF8*$!
{
	archiveVersion = 1;
	classes = {
	};
	objectVersion = 56;
	objects = {

/* Begin PBXBuildFile section */
		7A0C1E6C2A17BF5B000B350E /* Split+CoreDataClass.swift in Sources */ = {isa = PBXBuildFile; fileRef = 7A0C1E682A17BF5B000B350E /* Split+CoreDataClass.swift */; };
		7A0C1E6D2A17BF5B000B350E /* Split+CoreDataProperties.swift in Sources */ = {isa = PBXBuildFile; fileRef = 7A0C1E692A17BF5B000B350E /* Split+CoreDataProperties.swift */; };
		7A0C1E712A17D476000B350E /* EditUebungView.swift in Sources */ = {isa = PBXBuildFile; fileRef = 7A0C1E702A17D476000B350E /* EditUebungView.swift */; };
		7A0C1E742A1923BE000B350E /* Uebung+CoreDataClass.swift in Sources */ = {isa = PBXBuildFile; fileRef = 7A0C1E722A1923BE000B350E /* Uebung+CoreDataClass.swift */; };
		7A0C1E752A1923BE000B350E /* Uebung+CoreDataProperties.swift in Sources */ = {isa = PBXBuildFile; fileRef = 7A0C1E732A1923BE000B350E /* Uebung+CoreDataProperties.swift */; };
		7A0C1E7A2A196230000B350E /* AusgefuehrterSatz+CoreDataClass.swift in Sources */ = {isa = PBXBuildFile; fileRef = 7A0C1E782A196230000B350E /* AusgefuehrterSatz+CoreDataClass.swift */; };
		7A0C1E7B2A196230000B350E /* AusgefuehrterSatz+CoreDataProperties.swift in Sources */ = {isa = PBXBuildFile; fileRef = 7A0C1E792A196230000B350E /* AusgefuehrterSatz+CoreDataProperties.swift */; };
		7A0C1E822A1A16A7000B350E /* Trainingseintrag+CoreDataClass.swift in Sources */ = {isa = PBXBuildFile; fileRef = 7A0C1E802A1A16A7000B350E /* Trainingseintrag+CoreDataClass.swift */; };
		7A0C1E832A1A16A7000B350E /* Trainingseintrag+CoreDataProperties.swift in Sources */ = {isa = PBXBuildFile; fileRef = 7A0C1E812A1A16A7000B350E /* Trainingseintrag+CoreDataProperties.swift */; };
		7A0C1EA32A1A681C000B350E /* PersistenceController.swift in Sources */ = {isa = PBXBuildFile; fileRef = 7A0C1EA22A1A681C000B350E /* PersistenceController.swift */; };
		7A18D47F29F66C4D00EF6171 /* KursplanVM.swift in Sources */ = {isa = PBXBuildFile; fileRef = 7A18D47E29F66C4D00EF6171 /* KursplanVM.swift */; };
		7A263CF029EDD74B001CAEB4 /* TrainingHistorie.swift in Sources */ = {isa = PBXBuildFile; fileRef = 7A263CEF29EDD74B001CAEB4 /* TrainingHistorie.swift */; };
		7A724AC229FAC62D001D82C4 /* Satz+CoreDataClass.swift in Sources */ = {isa = PBXBuildFile; fileRef = 7A724ABE29FAC62D001D82C4 /* Satz+CoreDataClass.swift */; };
		7A724AC329FAC62D001D82C4 /* Satz+CoreDataProperties.swift in Sources */ = {isa = PBXBuildFile; fileRef = 7A724ABF29FAC62D001D82C4 /* Satz+CoreDataProperties.swift */; };
		7A724AC729FACABB001D82C4 /* TrainingseintragDetailView.swift in Sources */ = {isa = PBXBuildFile; fileRef = 7A724AC629FACABB001D82C4 /* TrainingseintragDetailView.swift */; };
		7A746B9D29E0863400EF54C7 /* AddSplitView.swift in Sources */ = {isa = PBXBuildFile; fileRef = 7A746B9C29E0863400EF54C7 /* AddSplitView.swift */; };
		7A746B9F29E0878400EF54C7 /* AddUebungView.swift in Sources */ = {isa = PBXBuildFile; fileRef = 7A746B9E29E0878400EF54C7 /* AddUebungView.swift */; };
		7A746BA929E09CEA00EF54C7 /* Startbildschirm.swift in Sources */ = {isa = PBXBuildFile; fileRef = 7A746BA829E09CEA00EF54C7 /* Startbildschirm.swift */; };
		7A746BAC29E17B7C00EF54C7 /* VordefinierteUebungenView.swift in Sources */ = {isa = PBXBuildFile; fileRef = 7A746BAB29E17B7C00EF54C7 /* VordefinierteUebungenView.swift */; };
		7A746BBA29E1F5F600EF54C7 /* Allgemeines.swift in Sources */ = {isa = PBXBuildFile; fileRef = 7A746BB929E1F5F600EF54C7 /* Allgemeines.swift */; };
		7A746BBD29E3246E00EF54C7 /* TrainingStarten.swift in Sources */ = {isa = PBXBuildFile; fileRef = 7A746BBC29E3246E00EF54C7 /* TrainingStarten.swift */; };
		7A746BC329E3F2EB00EF54C7 /* VordefinierteUebungenVM.swift in Sources */ = {isa = PBXBuildFile; fileRef = 7A746BC229E3F2EB00EF54C7 /* VordefinierteUebungenVM.swift */; };
		7A746BC629E416B400EF54C7 /* TrainingView.swift in Sources */ = {isa = PBXBuildFile; fileRef = 7A746BC529E416B400EF54C7 /* TrainingView.swift */; };
		7A7879442A2C937F00342545 /* Introspect in Frameworks */ = {isa = PBXBuildFile; productRef = 7A7879432A2C937F00342545 /* Introspect */; };
		7AA72ADA2A1FEC9F00319BC8 /* WelcomeVideo.swift in Sources */ = {isa = PBXBuildFile; fileRef = 7AA72AD92A1FEC9F00319BC8 /* WelcomeVideo.swift */; };
		7AAF36782A24A1570085E85E /* Beatz_Video-Fertig.mp4 in Resources */ = {isa = PBXBuildFile; fileRef = 7AAF36772A24A13C0085E85E /* Beatz_Video-Fertig.mp4 */; };
		7AB3AFEE2A14C85500E5EBA8 /* SwiftUICharts in Frameworks */ = {isa = PBXBuildFile; productRef = 7AB3AFED2A14C85500E5EBA8 /* SwiftUICharts */; };
		7AB3AFF32A14F53D00E5EBA8 /* GewichteNachUebung+CoreDataClass.swift in Sources */ = {isa = PBXBuildFile; fileRef = 7AB3AFEF2A14F53D00E5EBA8 /* GewichteNachUebung+CoreDataClass.swift */; };
		7AB3AFF42A14F53D00E5EBA8 /* GewichteNachUebung+CoreDataProperties.swift in Sources */ = {isa = PBXBuildFile; fileRef = 7AB3AFF02A14F53D00E5EBA8 /* GewichteNachUebung+CoreDataProperties.swift */; };
		7AB3AFF52A14F53D00E5EBA8 /* WiederholungenNachUebung+CoreDataClass.swift in Sources */ = {isa = PBXBuildFile; fileRef = 7AB3AFF12A14F53D00E5EBA8 /* WiederholungenNachUebung+CoreDataClass.swift */; };
		7AB3AFF62A14F53D00E5EBA8 /* WiederholungenNachUebung+CoreDataProperties.swift in Sources */ = {isa = PBXBuildFile; fileRef = 7AB3AFF22A14F53D00E5EBA8 /* WiederholungenNachUebung+CoreDataProperties.swift */; };
		7AB3AFFC2A153E6D00E5EBA8 /* VordefinierteSplitsView.swift in Sources */ = {isa = PBXBuildFile; fileRef = 7AB3AFFB2A153E6D00E5EBA8 /* VordefinierteSplitsView.swift */; };
		7AB3AFFE2A153EEA00E5EBA8 /* VordefinierteSplitsVM.swift in Sources */ = {isa = PBXBuildFile; fileRef = 7AB3AFFD2A153EEA00E5EBA8 /* VordefinierteSplitsVM.swift */; };
		7AB60BFD2A14BCD700744FF0 /* StatistikView.swift in Sources */ = {isa = PBXBuildFile; fileRef = 7AB60BFC2A14BCD700744FF0 /* StatistikView.swift */; };
		7AC541DE2A0FB6E400F3DE8B /* TrainingseintragDetailVM.swift in Sources */ = {isa = PBXBuildFile; fileRef = 7AC541DD2A0FB6E300F3DE8B /* TrainingseintragDetailVM.swift */; };
		7AC541E02A10F0B100F3DE8B /* PreislisteView.swift in Sources */ = {isa = PBXBuildFile; fileRef = 7AC541DF2A10F0B100F3DE8B /* PreislisteView.swift */; };
		7AC541E22A10F5D500F3DE8B /* PreislisteVM.swift in Sources */ = {isa = PBXBuildFile; fileRef = 7AC541E12A10F5D500F3DE8B /* PreislisteVM.swift */; };
		7AC541E52A10F62A00F3DE8B /* TrainerlisteVM.swift in Sources */ = {isa = PBXBuildFile; fileRef = 7AC541E42A10F62A00F3DE8B /* TrainerlisteVM.swift */; };
		7AC541EC2A11476F00F3DE8B /* SplitVM.swift in Sources */ = {isa = PBXBuildFile; fileRef = 7AC541EB2A11476F00F3DE8B /* SplitVM.swift */; };
		7AC541EE2A1147FE00F3DE8B /* UebungVM.swift in Sources */ = {isa = PBXBuildFile; fileRef = 7AC541ED2A1147FE00F3DE8B /* UebungVM.swift */; };
		7AC541F42A11499C00F3DE8B /* TrainingVM.swift in Sources */ = {isa = PBXBuildFile; fileRef = 7AC541F32A11499C00F3DE8B /* TrainingVM.swift */; };
		7AC541F72A11554600F3DE8B /* VideoErklärungVM.swift in Sources */ = {isa = PBXBuildFile; fileRef = 7AC541F62A11554600F3DE8B /* VideoErklärungVM.swift */; };
		7AEC638529DD81DE00C8A8F3 /* Beatz_Fitness_App.swift in Sources */ = {isa = PBXBuildFile; fileRef = 7AEC638429DD81DE00C8A8F3 /* Beatz_Fitness_App.swift */; };
		7AEC638729DD81DE00C8A8F3 /* SplitView.swift in Sources */ = {isa = PBXBuildFile; fileRef = 7AEC638629DD81DE00C8A8F3 /* SplitView.swift */; };
		7AEC638929DD81E000C8A8F3 /* Assets.xcassets in Resources */ = {isa = PBXBuildFile; fileRef = 7AEC638829DD81E000C8A8F3 /* Assets.xcassets */; };
		7AEC638C29DD81E000C8A8F3 /* Preview Assets.xcassets in Resources */ = {isa = PBXBuildFile; fileRef = 7AEC638B29DD81E000C8A8F3 /* Preview Assets.xcassets */; };
		7AEC639429DD820E00C8A8F3 /* Model.xcdatamodeld in Sources */ = {isa = PBXBuildFile; fileRef = 7AEC639229DD820E00C8A8F3 /* Model.xcdatamodeld */; };
		7AEC639629DD824B00C8A8F3 /* DataController.swift in Sources */ = {isa = PBXBuildFile; fileRef = 7AEC639529DD824B00C8A8F3 /* DataController.swift */; };
		7AEC63B229E014BE00C8A8F3 /* UebungView.swift in Sources */ = {isa = PBXBuildFile; fileRef = 7AEC63B129E014BE00C8A8F3 /* UebungView.swift */; };
		7AEE657B29E05B330064ED8A /* Hauptbildschirm.swift in Sources */ = {isa = PBXBuildFile; fileRef = 7AEE657A29E05B330064ED8A /* Hauptbildschirm.swift */; };
		7AEE657F29E05BBC0064ED8A /* KursplanView.swift in Sources */ = {isa = PBXBuildFile; fileRef = 7AEE657E29E05BBC0064ED8A /* KursplanView.swift */; };
		7AEE658129E05BE10064ED8A /* TrainerlisteView.swift in Sources */ = {isa = PBXBuildFile; fileRef = 7AEE658029E05BE10064ED8A /* TrainerlisteView.swift */; };
		7AEE658329E05BEE0064ED8A /* Diagramme.swift in Sources */ = {isa = PBXBuildFile; fileRef = 7AEE658229E05BEE0064ED8A /* Diagramme.swift */; };
		7AF6D8A529F59FF50050E758 /* VideoErklärungView.swift in Sources */ = {isa = PBXBuildFile; fileRef = 7AF6D8A429F59FF50050E758 /* VideoErklärungView.swift */; };
/* End PBXBuildFile section */

/* Begin PBXFileReference section */
		7A0C1E682A17BF5B000B350E /* Split+CoreDataClass.swift */ = {isa = PBXFileReference; lastKnownFileType = sourcecode.swift; path = "Split+CoreDataClass.swift"; sourceTree = "<group>"; };
		7A0C1E692A17BF5B000B350E /* Split+CoreDataProperties.swift */ = {isa = PBXFileReference; lastKnownFileType = sourcecode.swift; path = "Split+CoreDataProperties.swift"; sourceTree = "<group>"; };
		7A0C1E702A17D476000B350E /* EditUebungView.swift */ = {isa = PBXFileReference; lastKnownFileType = sourcecode.swift; path = EditUebungView.swift; sourceTree = "<group>"; };
		7A0C1E722A1923BE000B350E /* Uebung+CoreDataClass.swift */ = {isa = PBXFileReference; lastKnownFileType = sourcecode.swift; path = "Uebung+CoreDataClass.swift"; sourceTree = "<group>"; };
		7A0C1E732A1923BE000B350E /* Uebung+CoreDataProperties.swift */ = {isa = PBXFileReference; lastKnownFileType = sourcecode.swift; path = "Uebung+CoreDataProperties.swift"; sourceTree = "<group>"; };
		7A0C1E782A196230000B350E /* AusgefuehrterSatz+CoreDataClass.swift */ = {isa = PBXFileReference; lastKnownFileType = sourcecode.swift; path = "AusgefuehrterSatz+CoreDataClass.swift"; sourceTree = "<group>"; };
		7A0C1E792A196230000B350E /* AusgefuehrterSatz+CoreDataProperties.swift */ = {isa = PBXFileReference; lastKnownFileType = sourcecode.swift; path = "AusgefuehrterSatz+CoreDataProperties.swift"; sourceTree = "<group>"; };
		7A0C1E802A1A16A7000B350E /* Trainingseintrag+CoreDataClass.swift */ = {isa = PBXFileReference; lastKnownFileType = sourcecode.swift; path = "Trainingseintrag+CoreDataClass.swift"; sourceTree = "<group>"; };
		7A0C1E812A1A16A7000B350E /* Trainingseintrag+CoreDataProperties.swift */ = {isa = PBXFileReference; lastKnownFileType = sourcecode.swift; path = "Trainingseintrag+CoreDataProperties.swift"; sourceTree = "<group>"; };
		7A0C1EA22A1A681C000B350E /* PersistenceController.swift */ = {isa = PBXFileReference; lastKnownFileType = sourcecode.swift; path = PersistenceController.swift; sourceTree = "<group>"; };
		7A18D47E29F66C4D00EF6171 /* KursplanVM.swift */ = {isa = PBXFileReference; lastKnownFileType = sourcecode.swift; path = KursplanVM.swift; sourceTree = "<group>"; };
		7A263CEF29EDD74B001CAEB4 /* TrainingHistorie.swift */ = {isa = PBXFileReference; lastKnownFileType = sourcecode.swift; path = TrainingHistorie.swift; sourceTree = "<group>"; };
		7A724ABE29FAC62D001D82C4 /* Satz+CoreDataClass.swift */ = {isa = PBXFileReference; lastKnownFileType = sourcecode.swift; path = "Satz+CoreDataClass.swift"; sourceTree = "<group>"; };
		7A724ABF29FAC62D001D82C4 /* Satz+CoreDataProperties.swift */ = {isa = PBXFileReference; lastKnownFileType = sourcecode.swift; path = "Satz+CoreDataProperties.swift"; sourceTree = "<group>"; };
		7A724AC629FACABB001D82C4 /* TrainingseintragDetailView.swift */ = {isa = PBXFileReference; lastKnownFileType = sourcecode.swift; path = TrainingseintragDetailView.swift; sourceTree = "<group>"; };
		7A746B9C29E0863400EF54C7 /* AddSplitView.swift */ = {isa = PBXFileReference; lastKnownFileType = sourcecode.swift; path = AddSplitView.swift; sourceTree = "<group>"; };
		7A746B9E29E0878400EF54C7 /* AddUebungView.swift */ = {isa = PBXFileReference; lastKnownFileType = sourcecode.swift; path = AddUebungView.swift; sourceTree = "<group>"; };
		7A746BA829E09CEA00EF54C7 /* Startbildschirm.swift */ = {isa = PBXFileReference; lastKnownFileType = sourcecode.swift; path = Startbildschirm.swift; sourceTree = "<group>"; };
		7A746BAB29E17B7C00EF54C7 /* VordefinierteUebungenView.swift */ = {isa = PBXFileReference; lastKnownFileType = sourcecode.swift; path = VordefinierteUebungenView.swift; sourceTree = "<group>"; };
		7A746BB929E1F5F600EF54C7 /* Allgemeines.swift */ = {isa = PBXFileReference; lastKnownFileType = sourcecode.swift; path = Allgemeines.swift; sourceTree = "<group>"; };
		7A746BBC29E3246E00EF54C7 /* TrainingStarten.swift */ = {isa = PBXFileReference; lastKnownFileType = sourcecode.swift; path = TrainingStarten.swift; sourceTree = "<group>"; };
		7A746BC229E3F2EB00EF54C7 /* VordefinierteUebungenVM.swift */ = {isa = PBXFileReference; lastKnownFileType = sourcecode.swift; path = VordefinierteUebungenVM.swift; sourceTree = "<group>"; };
		7A746BC529E416B400EF54C7 /* TrainingView.swift */ = {isa = PBXFileReference; lastKnownFileType = sourcecode.swift; lineEnding = 0; path = TrainingView.swift; sourceTree = "<group>"; usesTabs = 1; wrapsLines = 1; };
		7AA72AD92A1FEC9F00319BC8 /* WelcomeVideo.swift */ = {isa = PBXFileReference; lastKnownFileType = sourcecode.swift; path = WelcomeVideo.swift; sourceTree = "<group>"; };
		7AAF36772A24A13C0085E85E /* Beatz_Video-Fertig.mp4 */ = {isa = PBXFileReference; lastKnownFileType = file; path = "Beatz_Video-Fertig.mp4"; sourceTree = "<group>"; };
		7AB3AFEF2A14F53D00E5EBA8 /* GewichteNachUebung+CoreDataClass.swift */ = {isa = PBXFileReference; lastKnownFileType = sourcecode.swift; path = "GewichteNachUebung+CoreDataClass.swift"; sourceTree = "<group>"; };
		7AB3AFF02A14F53D00E5EBA8 /* GewichteNachUebung+CoreDataProperties.swift */ = {isa = PBXFileReference; lastKnownFileType = sourcecode.swift; path = "GewichteNachUebung+CoreDataProperties.swift"; sourceTree = "<group>"; };
		7AB3AFF12A14F53D00E5EBA8 /* WiederholungenNachUebung+CoreDataClass.swift */ = {isa = PBXFileReference; lastKnownFileType = sourcecode.swift; path = "WiederholungenNachUebung+CoreDataClass.swift"; sourceTree = "<group>"; };
		7AB3AFF22A14F53D00E5EBA8 /* WiederholungenNachUebung+CoreDataProperties.swift */ = {isa = PBXFileReference; lastKnownFileType = sourcecode.swift; path = "WiederholungenNachUebung+CoreDataProperties.swift"; sourceTree = "<group>"; };
		7AB3AFFB2A153E6D00E5EBA8 /* VordefinierteSplitsView.swift */ = {isa = PBXFileReference; lastKnownFileType = sourcecode.swift; path = VordefinierteSplitsView.swift; sourceTree = "<group>"; };
		7AB3AFFD2A153EEA00E5EBA8 /* VordefinierteSplitsVM.swift */ = {isa = PBXFileReference; lastKnownFileType = sourcecode.swift; path = VordefinierteSplitsVM.swift; sourceTree = "<group>"; };
		7AB60BFC2A14BCD700744FF0 /* StatistikView.swift */ = {isa = PBXFileReference; lastKnownFileType = sourcecode.swift; path = StatistikView.swift; sourceTree = "<group>"; };
		7AC541DD2A0FB6E300F3DE8B /* TrainingseintragDetailVM.swift */ = {isa = PBXFileReference; lastKnownFileType = sourcecode.swift; path = TrainingseintragDetailVM.swift; sourceTree = "<group>"; };
		7AC541DF2A10F0B100F3DE8B /* PreislisteView.swift */ = {isa = PBXFileReference; lastKnownFileType = sourcecode.swift; path = PreislisteView.swift; sourceTree = "<group>"; };
		7AC541E12A10F5D500F3DE8B /* PreislisteVM.swift */ = {isa = PBXFileReference; lastKnownFileType = sourcecode.swift; path = PreislisteVM.swift; sourceTree = "<group>"; };
		7AC541E42A10F62A00F3DE8B /* TrainerlisteVM.swift */ = {isa = PBXFileReference; lastKnownFileType = sourcecode.swift; path = TrainerlisteVM.swift; sourceTree = "<group>"; };
		7AC541EB2A11476F00F3DE8B /* SplitVM.swift */ = {isa = PBXFileReference; lastKnownFileType = sourcecode.swift; path = SplitVM.swift; sourceTree = "<group>"; };
		7AC541ED2A1147FE00F3DE8B /* UebungVM.swift */ = {isa = PBXFileReference; lastKnownFileType = sourcecode.swift; path = UebungVM.swift; sourceTree = "<group>"; };
		7AC541F32A11499C00F3DE8B /* TrainingVM.swift */ = {isa = PBXFileReference; lastKnownFileType = sourcecode.swift; path = TrainingVM.swift; sourceTree = "<group>"; };
		7AC541F62A11554600F3DE8B /* VideoErklärungVM.swift */ = {isa = PBXFileReference; lastKnownFileType = sourcecode.swift; path = "VideoErklärungVM.swift"; sourceTree = "<group>"; };
		7AEC638129DD81DE00C8A8F3 /* Beatz_Fitness_App.app */ = {isa = PBXFileReference; explicitFileType = wrapper.application; includeInIndex = 0; path = Beatz_Fitness_App.app; sourceTree = BUILT_PRODUCTS_DIR; };
		7AEC638429DD81DE00C8A8F3 /* Beatz_Fitness_App.swift */ = {isa = PBXFileReference; lastKnownFileType = sourcecode.swift; path = Beatz_Fitness_App.swift; sourceTree = "<group>"; };
		7AEC638629DD81DE00C8A8F3 /* SplitView.swift */ = {isa = PBXFileReference; lastKnownFileType = sourcecode.swift; path = SplitView.swift; sourceTree = "<group>"; };
		7AEC638829DD81E000C8A8F3 /* Assets.xcassets */ = {isa = PBXFileReference; lastKnownFileType = folder.assetcatalog; path = Assets.xcassets; sourceTree = "<group>"; };
		7AEC638B29DD81E000C8A8F3 /* Preview Assets.xcassets */ = {isa = PBXFileReference; lastKnownFileType = folder.assetcatalog; path = "Preview Assets.xcassets"; sourceTree = "<group>"; };
		7AEC639329DD820E00C8A8F3 /* Model.xcdatamodel */ = {isa = PBXFileReference; lastKnownFileType = wrapper.xcdatamodel; path = Model.xcdatamodel; sourceTree = "<group>"; };
		7AEC639529DD824B00C8A8F3 /* DataController.swift */ = {isa = PBXFileReference; lastKnownFileType = sourcecode.swift; path = DataController.swift; sourceTree = "<group>"; };
		7AEC63B129E014BE00C8A8F3 /* UebungView.swift */ = {isa = PBXFileReference; lastKnownFileType = sourcecode.swift; path = UebungView.swift; sourceTree = "<group>"; };
		7AEE657A29E05B330064ED8A /* Hauptbildschirm.swift */ = {isa = PBXFileReference; lastKnownFileType = sourcecode.swift; path = Hauptbildschirm.swift; sourceTree = "<group>"; };
		7AEE657E29E05BBC0064ED8A /* KursplanView.swift */ = {isa = PBXFileReference; lastKnownFileType = sourcecode.swift; path = KursplanView.swift; sourceTree = "<group>"; };
		7AEE658029E05BE10064ED8A /* TrainerlisteView.swift */ = {isa = PBXFileReference; lastKnownFileType = sourcecode.swift; path = TrainerlisteView.swift; sourceTree = "<group>"; };
		7AEE658229E05BEE0064ED8A /* Diagramme.swift */ = {isa = PBXFileReference; lastKnownFileType = sourcecode.swift; path = Diagramme.swift; sourceTree = "<group>"; };
		7AF6D8A429F59FF50050E758 /* VideoErklärungView.swift */ = {isa = PBXFileReference; lastKnownFileType = sourcecode.swift; path = "VideoErklärungView.swift"; sourceTree = "<group>"; };
/* End PBXFileReference section */

/* Begin PBXFrameworksBuildPhase section */
		7AEC637E29DD81DE00C8A8F3 /* Frameworks */ = {
			isa = PBXFrameworksBuildPhase;
			buildActionMask = 2147483647;
			files = (
				7AB3AFEE2A14C85500E5EBA8 /* SwiftUICharts in Frameworks */,
				7A7879442A2C937F00342545 /* Introspect in Frameworks */,
			);
			runOnlyForDeploymentPostprocessing = 0;
		};
/* End PBXFrameworksBuildPhase section */

/* Begin PBXGroup section */
		7A746B9829E05DB000EF54C7 /* Kursplan */ = {
			isa = PBXGroup;
			children = (
				7AEE657E29E05BBC0064ED8A /* KursplanView.swift */,
				7A18D47E29F66C4D00EF6171 /* KursplanVM.swift */,
			);
			path = Kursplan;
			sourceTree = "<group>";
		};
		7A746B9929E05DD600EF54C7 /* Split */ = {
			isa = PBXGroup;
			children = (
				7AEC63BF29E02F3D00C8A8F3 /* ManuelleKlassen */,
				7AC541F02A11483800F3DE8B /* Split */,
				7AC541EF2A11482F00F3DE8B /* Uebung */,
				7AC541F12A11495C00F3DE8B /* VordefinierteUebungen */,
				7AEC639529DD824B00C8A8F3 /* DataController.swift */,
			);
			path = Split;
			sourceTree = "<group>";
		};
		7A746BAA29E09D7600EF54C7 /* App */ = {
			isa = PBXGroup;
			children = (
				7AEC638429DD81DE00C8A8F3 /* Beatz_Fitness_App.swift */,
				7A746BA829E09CEA00EF54C7 /* Startbildschirm.swift */,
				7AEE657A29E05B330064ED8A /* Hauptbildschirm.swift */,
				7A0C1EA22A1A681C000B350E /* PersistenceController.swift */,
			);
			path = App;
			sourceTree = "<group>";
		};
		7A746BBB29E1F60800EF54C7 /* Allgemeines */ = {
			isa = PBXGroup;
			children = (
				7A746BB929E1F5F600EF54C7 /* Allgemeines.swift */,
				7A746B9829E05DB000EF54C7 /* Kursplan */,
				7AC541E32A10F60200F3DE8B /* Preisliste */,
				7AC541E62A10F67600F3DE8B /* Trainerliste */,
				7AF6D89129F599470050E758 /* VideoErklärung */,
			);
			path = Allgemeines;
			sourceTree = "<group>";
		};
		7A746BC429E4139900EF54C7 /* Trainingstagebuch */ = {
			isa = PBXGroup;
			children = (
				7A746BBC29E3246E00EF54C7 /* TrainingStarten.swift */,
				7A263CEF29EDD74B001CAEB4 /* TrainingHistorie.swift */,
				7AC541F52A1152EE00F3DE8B /* Training */,
				7AC541F22A11498000F3DE8B /* TrainingseintragDetail */,
			);
			path = Trainingstagebuch;
			sourceTree = "<group>";
		};
		7AA72AD82A1FEC9200319BC8 /* WelcomeVideo */ = {
			isa = PBXGroup;
			children = (
				7AAF36772A24A13C0085E85E /* Beatz_Video-Fertig.mp4 */,
				7AA72AD92A1FEC9F00319BC8 /* WelcomeVideo.swift */,
			);
			path = WelcomeVideo;
			sourceTree = "<group>";
		};
		7AC541E32A10F60200F3DE8B /* Preisliste */ = {
			isa = PBXGroup;
			children = (
				7AC541DF2A10F0B100F3DE8B /* PreislisteView.swift */,
				7AC541E12A10F5D500F3DE8B /* PreislisteVM.swift */,
			);
			path = Preisliste;
			sourceTree = "<group>";
		};
		7AC541E62A10F67600F3DE8B /* Trainerliste */ = {
			isa = PBXGroup;
			children = (
				7AEE658029E05BE10064ED8A /* TrainerlisteView.swift */,
				7AC541E42A10F62A00F3DE8B /* TrainerlisteVM.swift */,
			);
			path = Trainerliste;
			sourceTree = "<group>";
		};
		7AC541EF2A11482F00F3DE8B /* Uebung */ = {
			isa = PBXGroup;
			children = (
				7AEC63B129E014BE00C8A8F3 /* UebungView.swift */,
				7A0C1E702A17D476000B350E /* EditUebungView.swift */,
				7AC541ED2A1147FE00F3DE8B /* UebungVM.swift */,
				7A746B9E29E0878400EF54C7 /* AddUebungView.swift */,
			);
			path = Uebung;
			sourceTree = "<group>";
		};
		7AC541F02A11483800F3DE8B /* Split */ = {
			isa = PBXGroup;
			children = (
				7A746B9C29E0863400EF54C7 /* AddSplitView.swift */,
				7AB3AFFB2A153E6D00E5EBA8 /* VordefinierteSplitsView.swift */,
				7AB3AFFD2A153EEA00E5EBA8 /* VordefinierteSplitsVM.swift */,
				7AEC638629DD81DE00C8A8F3 /* SplitView.swift */,
				7AC541EB2A11476F00F3DE8B /* SplitVM.swift */,
			);
			path = Split;
			sourceTree = "<group>";
		};
		7AC541F12A11495C00F3DE8B /* VordefinierteUebungen */ = {
			isa = PBXGroup;
			children = (
				7A746BC229E3F2EB00EF54C7 /* VordefinierteUebungenVM.swift */,
				7A746BAB29E17B7C00EF54C7 /* VordefinierteUebungenView.swift */,
			);
			path = VordefinierteUebungen;
			sourceTree = "<group>";
		};
		7AC541F22A11498000F3DE8B /* TrainingseintragDetail */ = {
			isa = PBXGroup;
			children = (
				7A724AC629FACABB001D82C4 /* TrainingseintragDetailView.swift */,
				7AC541DD2A0FB6E300F3DE8B /* TrainingseintragDetailVM.swift */,
			);
			path = TrainingseintragDetail;
			sourceTree = "<group>";
		};
		7AC541F52A1152EE00F3DE8B /* Training */ = {
			isa = PBXGroup;
			children = (
				7A746BC529E416B400EF54C7 /* TrainingView.swift */,
				7AC541F32A11499C00F3DE8B /* TrainingVM.swift */,
			);
			path = Training;
			sourceTree = "<group>";
		};
		7AEC637829DD81DE00C8A8F3 = {
			isa = PBXGroup;
			children = (
				7AA72AD82A1FEC9200319BC8 /* WelcomeVideo */,
				7A746BAA29E09D7600EF54C7 /* App */,
				7AEC638329DD81DE00C8A8F3 /* Beatz_Fitness_App */,
				7AEC638229DD81DE00C8A8F3 /* Products */,
			);
			sourceTree = "<group>";
		};
		7AEC638229DD81DE00C8A8F3 /* Products */ = {
			isa = PBXGroup;
			children = (
				7AEC638129DD81DE00C8A8F3 /* Beatz_Fitness_App.app */,
			);
			name = Products;
			sourceTree = "<group>";
		};
		7AEC638329DD81DE00C8A8F3 /* Beatz_Fitness_App */ = {
			isa = PBXGroup;
			children = (
				7A746B9929E05DD600EF54C7 /* Split */,
				7A746BC429E4139900EF54C7 /* Trainingstagebuch */,
				7A746BBB29E1F60800EF54C7 /* Allgemeines */,
				7AEC638829DD81E000C8A8F3 /* Assets.xcassets */,
				7AEE658229E05BEE0064ED8A /* Diagramme.swift */,
				7AB60BFC2A14BCD700744FF0 /* StatistikView.swift */,
				7AEC639229DD820E00C8A8F3 /* Model.xcdatamodeld */,
				7AEC638A29DD81E000C8A8F3 /* Preview Content */,
			);
			path = Beatz_Fitness_App;
			sourceTree = "<group>";
		};
		7AEC638A29DD81E000C8A8F3 /* Preview Content */ = {
			isa = PBXGroup;
			children = (
				7AEC638B29DD81E000C8A8F3 /* Preview Assets.xcassets */,
			);
			path = "Preview Content";
			sourceTree = "<group>";
		};
		7AEC63BF29E02F3D00C8A8F3 /* ManuelleKlassen */ = {
			isa = PBXGroup;
			children = (
				7A0C1E802A1A16A7000B350E /* Trainingseintrag+CoreDataClass.swift */,
				7A0C1E812A1A16A7000B350E /* Trainingseintrag+CoreDataProperties.swift */,
				7A0C1E782A196230000B350E /* AusgefuehrterSatz+CoreDataClass.swift */,
				7A0C1E792A196230000B350E /* AusgefuehrterSatz+CoreDataProperties.swift */,
				7A0C1E722A1923BE000B350E /* Uebung+CoreDataClass.swift */,
				7A0C1E732A1923BE000B350E /* Uebung+CoreDataProperties.swift */,
				7A0C1E682A17BF5B000B350E /* Split+CoreDataClass.swift */,
				7A0C1E692A17BF5B000B350E /* Split+CoreDataProperties.swift */,
				7AB3AFEF2A14F53D00E5EBA8 /* GewichteNachUebung+CoreDataClass.swift */,
				7AB3AFF02A14F53D00E5EBA8 /* GewichteNachUebung+CoreDataProperties.swift */,
				7AB3AFF12A14F53D00E5EBA8 /* WiederholungenNachUebung+CoreDataClass.swift */,
				7AB3AFF22A14F53D00E5EBA8 /* WiederholungenNachUebung+CoreDataProperties.swift */,
				7A724ABE29FAC62D001D82C4 /* Satz+CoreDataClass.swift */,
				7A724ABF29FAC62D001D82C4 /* Satz+CoreDataProperties.swift */,
			);
			path = ManuelleKlassen;
			sourceTree = "<group>";
		};
		7AF6D89129F599470050E758 /* VideoErklärung */ = {
			isa = PBXGroup;
			children = (
				7AF6D8A429F59FF50050E758 /* VideoErklärungView.swift */,
				7AC541F62A11554600F3DE8B /* VideoErklärungVM.swift */,
			);
			name = "VideoErklärung";
			path = "VideoErklärung";
			sourceTree = "<group>";
		};
/* End PBXGroup section */

/* Begin PBXNativeTarget section */
		7AEC638029DD81DE00C8A8F3 /* Beatz_Fitness_App */ = {
			isa = PBXNativeTarget;
			buildConfigurationList = 7AEC638F29DD81E000C8A8F3 /* Build configuration list for PBXNativeTarget "Beatz_Fitness_App" */;
			buildPhases = (
				7AEC637D29DD81DE00C8A8F3 /* Sources */,
				7AEC637E29DD81DE00C8A8F3 /* Frameworks */,
				7AEC637F29DD81DE00C8A8F3 /* Resources */,
			);
			buildRules = (
			);
			dependencies = (
			);
			name = Beatz_Fitness_App;
			packageProductDependencies = (
				7AB3AFED2A14C85500E5EBA8 /* SwiftUICharts */,
				7A7879432A2C937F00342545 /* Introspect */,
			);
			productName = VideoCoreData;
			productReference = 7AEC638129DD81DE00C8A8F3 /* Beatz_Fitness_App.app */;
			productType = "com.apple.product-type.application";
		};
/* End PBXNativeTarget section */

/* Begin PBXProject section */
		7AEC637929DD81DE00C8A8F3 /* Project object */ = {
			isa = PBXProject;
			attributes = {
				BuildIndependentTargetsInParallel = 1;
				LastSwiftUpdateCheck = 1430;
				LastUpgradeCheck = 1430;
				TargetAttributes = {
					7AEC638029DD81DE00C8A8F3 = {
						CreatedOnToolsVersion = 14.3;
					};
				};
			};
			buildConfigurationList = 7AEC637C29DD81DE00C8A8F3 /* Build configuration list for PBXProject "Beatz_Fitness_App" */;
			compatibilityVersion = "Xcode 14.0";
			developmentRegion = en;
			hasScannedForEncodings = 0;
			knownRegions = (
				en,
				Base,
			);
			mainGroup = 7AEC637829DD81DE00C8A8F3;
			packageReferences = (
				7AB3AFEC2A14C85500E5EBA8 /* XCRemoteSwiftPackageReference "ChartView" */,
				7A7879422A2C937F00342545 /* XCRemoteSwiftPackageReference "SwiftUI-Introspect" */,
			);
			productRefGroup = 7AEC638229DD81DE00C8A8F3 /* Products */;
			projectDirPath = "";
			projectRoot = "";
			targets = (
				7AEC638029DD81DE00C8A8F3 /* Beatz_Fitness_App */,
			);
		};
/* End PBXProject section */

/* Begin PBXResourcesBuildPhase section */
		7AEC637F29DD81DE00C8A8F3 /* Resources */ = {
			isa = PBXResourcesBuildPhase;
			buildActionMask = 2147483647;
			files = (
				7AAF36782A24A1570085E85E /* Beatz_Video-Fertig.mp4 in Resources */,
				7AEC638C29DD81E000C8A8F3 /* Preview Assets.xcassets in Resources */,
				7AEC638929DD81E000C8A8F3 /* Assets.xcassets in Resources */,
			);
			runOnlyForDeploymentPostprocessing = 0;
		};
/* End PBXResourcesBuildPhase section */

/* Begin PBXSourcesBuildPhase section */
		7AEC637D29DD81DE00C8A8F3 /* Sources */ = {
			isa = PBXSourcesBuildPhase;
			buildActionMask = 2147483647;
			files = (
				7A263CF029EDD74B001CAEB4 /* TrainingHistorie.swift in Sources */,
				7A724AC329FAC62D001D82C4 /* Satz+CoreDataProperties.swift in Sources */,
				7AC541E22A10F5D500F3DE8B /* PreislisteVM.swift in Sources */,
				7AC541F72A11554600F3DE8B /* VideoErklärungVM.swift in Sources */,
				7AEE657F29E05BBC0064ED8A /* KursplanView.swift in Sources */,
				7AC541F42A11499C00F3DE8B /* TrainingVM.swift in Sources */,
				7A0C1E832A1A16A7000B350E /* Trainingseintrag+CoreDataProperties.swift in Sources */,
				7AC541E52A10F62A00F3DE8B /* TrainerlisteVM.swift in Sources */,
				7A746BA929E09CEA00EF54C7 /* Startbildschirm.swift in Sources */,
				7A18D47F29F66C4D00EF6171 /* KursplanVM.swift in Sources */,
				7A0C1E712A17D476000B350E /* EditUebungView.swift in Sources */,
				7A724AC729FACABB001D82C4 /* TrainingseintragDetailView.swift in Sources */,
				7A0C1E6C2A17BF5B000B350E /* Split+CoreDataClass.swift in Sources */,
				7AEC638729DD81DE00C8A8F3 /* SplitView.swift in Sources */,
				7AB60BFD2A14BCD700744FF0 /* StatistikView.swift in Sources */,
				7AA72ADA2A1FEC9F00319BC8 /* WelcomeVideo.swift in Sources */,
				7A0C1E7B2A196230000B350E /* AusgefuehrterSatz+CoreDataProperties.swift in Sources */,
				7AC541EC2A11476F00F3DE8B /* SplitVM.swift in Sources */,
				7AEC639629DD824B00C8A8F3 /* DataController.swift in Sources */,
				7A0C1E7A2A196230000B350E /* AusgefuehrterSatz+CoreDataClass.swift in Sources */,
				7AC541DE2A0FB6E400F3DE8B /* TrainingseintragDetailVM.swift in Sources */,
				7AEE658129E05BE10064ED8A /* TrainerlisteView.swift in Sources */,
				7AB3AFFE2A153EEA00E5EBA8 /* VordefinierteSplitsVM.swift in Sources */,
				7AEC638529DD81DE00C8A8F3 /* Beatz_Fitness_App.swift in Sources */,
				7AC541EE2A1147FE00F3DE8B /* UebungVM.swift in Sources */,
				7A724AC229FAC62D001D82C4 /* Satz+CoreDataClass.swift in Sources */,
				7AEC639429DD820E00C8A8F3 /* Model.xcdatamodeld in Sources */,
				7A0C1E822A1A16A7000B350E /* Trainingseintrag+CoreDataClass.swift in Sources */,
				7AB3AFF52A14F53D00E5EBA8 /* WiederholungenNachUebung+CoreDataClass.swift in Sources */,
				7A746B9F29E0878400EF54C7 /* AddUebungView.swift in Sources */,
				7AC541E02A10F0B100F3DE8B /* PreislisteView.swift in Sources */,
				7A0C1E6D2A17BF5B000B350E /* Split+CoreDataProperties.swift in Sources */,
				7A746BAC29E17B7C00EF54C7 /* VordefinierteUebungenView.swift in Sources */,
				7AEC63B229E014BE00C8A8F3 /* UebungView.swift in Sources */,
				7A746BC329E3F2EB00EF54C7 /* VordefinierteUebungenVM.swift in Sources */,
				7A0C1E742A1923BE000B350E /* Uebung+CoreDataClass.swift in Sources */,
				7A746B9D29E0863400EF54C7 /* AddSplitView.swift in Sources */,
				7AB3AFF42A14F53D00E5EBA8 /* GewichteNachUebung+CoreDataProperties.swift in Sources */,
				7AB3AFFC2A153E6D00E5EBA8 /* VordefinierteSplitsView.swift in Sources */,
				7AF6D8A529F59FF50050E758 /* VideoErklärungView.swift in Sources */,
				7A746BC629E416B400EF54C7 /* TrainingView.swift in Sources */,
				7AB3AFF32A14F53D00E5EBA8 /* GewichteNachUebung+CoreDataClass.swift in Sources */,
				7AEE657B29E05B330064ED8A /* Hauptbildschirm.swift in Sources */,
				7A0C1EA32A1A681C000B350E /* PersistenceController.swift in Sources */,
				7AB3AFF62A14F53D00E5EBA8 /* WiederholungenNachUebung+CoreDataProperties.swift in Sources */,
				7A746BBD29E3246E00EF54C7 /* TrainingStarten.swift in Sources */,
				7A746BBA29E1F5F600EF54C7 /* Allgemeines.swift in Sources */,
				7A0C1E752A1923BE000B350E /* Uebung+CoreDataProperties.swift in Sources */,
				7AEE658329E05BEE0064ED8A /* Diagramme.swift in Sources */,
			);
			runOnlyForDeploymentPostprocessing = 0;
		};
/* End PBXSourcesBuildPhase section */

/* Begin XCBuildConfiguration section */
		7AEC638D29DD81E000C8A8F3 /* Debug */ = {
			isa = XCBuildConfiguration;
			buildSettings = {
				ALWAYS_SEARCH_USER_PATHS = NO;
				CLANG_ANALYZER_NONNULL = YES;
				CLANG_ANALYZER_NUMBER_OBJECT_CONVERSION = YES_AGGRESSIVE;
				CLANG_CXX_LANGUAGE_STANDARD = "gnu++20";
				CLANG_ENABLE_MODULES = YES;
				CLANG_ENABLE_OBJC_ARC = YES;
				CLANG_ENABLE_OBJC_WEAK = YES;
				CLANG_WARN_BLOCK_CAPTURE_AUTORELEASING = YES;
				CLANG_WARN_BOOL_CONVERSION = YES;
				CLANG_WARN_COMMA = YES;
				CLANG_WARN_CONSTANT_CONVERSION = YES;
				CLANG_WARN_DEPRECATED_OBJC_IMPLEMENTATIONS = YES;
				CLANG_WARN_DIRECT_OBJC_ISA_USAGE = YES_ERROR;
				CLANG_WARN_DOCUMENTATION_COMMENTS = YES;
				CLANG_WARN_EMPTY_BODY = YES;
				CLANG_WARN_ENUM_CONVERSION = YES;
				CLANG_WARN_INFINITE_RECURSION = YES;
				CLANG_WARN_INT_CONVERSION = YES;
				CLANG_WARN_NON_LITERAL_NULL_CONVERSION = YES;
				CLANG_WARN_OBJC_IMPLICIT_RETAIN_SELF = YES;
				CLANG_WARN_OBJC_LITERAL_CONVERSION = YES;
				CLANG_WARN_OBJC_ROOT_CLASS = YES_ERROR;
				CLANG_WARN_QUOTED_INCLUDE_IN_FRAMEWORK_HEADER = YES;
				CLANG_WARN_RANGE_LOOP_ANALYSIS = YES;
				CLANG_WARN_STRICT_PROTOTYPES = YES;
				CLANG_WARN_SUSPICIOUS_MOVE = YES;
				CLANG_WARN_UNGUARDED_AVAILABILITY = YES_AGGRESSIVE;
				CLANG_WARN_UNREACHABLE_CODE = YES;
				CLANG_WARN__DUPLICATE_METHOD_MATCH = YES;
				COPY_PHASE_STRIP = NO;
				DEBUG_INFORMATION_FORMAT = dwarf;
				ENABLE_STRICT_OBJC_MSGSEND = YES;
				ENABLE_TESTABILITY = YES;
				GCC_C_LANGUAGE_STANDARD = gnu11;
				GCC_DYNAMIC_NO_PIC = NO;
				GCC_NO_COMMON_BLOCKS = YES;
				GCC_OPTIMIZATION_LEVEL = 0;
				GCC_PREPROCESSOR_DEFINITIONS = (
					"DEBUG=1",
					"$(inherited)",
				);
				GCC_WARN_64_TO_32_BIT_CONVERSION = YES;
				GCC_WARN_ABOUT_RETURN_TYPE = YES_ERROR;
				GCC_WARN_UNDECLARED_SELECTOR = YES;
				GCC_WARN_UNINITIALIZED_AUTOS = YES_AGGRESSIVE;
				GCC_WARN_UNUSED_FUNCTION = YES;
				GCC_WARN_UNUSED_VARIABLE = YES;
				IPHONEOS_DEPLOYMENT_TARGET = 16.4;
				MTL_ENABLE_DEBUG_INFO = INCLUDE_SOURCE;
				MTL_FAST_MATH = YES;
				ONLY_ACTIVE_ARCH = YES;
				SDKROOT = iphoneos;
				SWIFT_ACTIVE_COMPILATION_CONDITIONS = DEBUG;
				SWIFT_OPTIMIZATION_LEVEL = "-Onone";
			};
			name = Debug;
		};
		7AEC638E29DD81E000C8A8F3 /* Release */ = {
			isa = XCBuildConfiguration;
			buildSettings = {
				ALWAYS_SEARCH_USER_PATHS = NO;
				CLANG_ANALYZER_NONNULL = YES;
				CLANG_ANALYZER_NUMBER_OBJECT_CONVERSION = YES_AGGRESSIVE;
				CLANG_CXX_LANGUAGE_STANDARD = "gnu++20";
				CLANG_ENABLE_MODULES = YES;
				CLANG_ENABLE_OBJC_ARC = YES;
				CLANG_ENABLE_OBJC_WEAK = YES;
				CLANG_WARN_BLOCK_CAPTURE_AUTORELEASING = YES;
				CLANG_WARN_BOOL_CONVERSION = YES;
				CLANG_WARN_COMMA = YES;
				CLANG_WARN_CONSTANT_CONVERSION = YES;
				CLANG_WARN_DEPRECATED_OBJC_IMPLEMENTATIONS = YES;
				CLANG_WARN_DIRECT_OBJC_ISA_USAGE = YES_ERROR;
				CLANG_WARN_DOCUMENTATION_COMMENTS = YES;
				CLANG_WARN_EMPTY_BODY = YES;
				CLANG_WARN_ENUM_CONVERSION = YES;
				CLANG_WARN_INFINITE_RECURSION = YES;
				CLANG_WARN_INT_CONVERSION = YES;
				CLANG_WARN_NON_LITERAL_NULL_CONVERSION = YES;
				CLANG_WARN_OBJC_IMPLICIT_RETAIN_SELF = YES;
				CLANG_WARN_OBJC_LITERAL_CONVERSION = YES;
				CLANG_WARN_OBJC_ROOT_CLASS = YES_ERROR;
				CLANG_WARN_QUOTED_INCLUDE_IN_FRAMEWORK_HEADER = YES;
				CLANG_WARN_RANGE_LOOP_ANALYSIS = YES;
				CLANG_WARN_STRICT_PROTOTYPES = YES;
				CLANG_WARN_SUSPICIOUS_MOVE = YES;
				CLANG_WARN_UNGUARDED_AVAILABILITY = YES_AGGRESSIVE;
				CLANG_WARN_UNREACHABLE_CODE = YES;
				CLANG_WARN__DUPLICATE_METHOD_MATCH = YES;
				COPY_PHASE_STRIP = NO;
				DEBUG_INFORMATION_FORMAT = "dwarf-with-dsym";
				ENABLE_NS_ASSERTIONS = NO;
				ENABLE_STRICT_OBJC_MSGSEND = YES;
				GCC_C_LANGUAGE_STANDARD = gnu11;
				GCC_NO_COMMON_BLOCKS = YES;
				GCC_WARN_64_TO_32_BIT_CONVERSION = YES;
				GCC_WARN_ABOUT_RETURN_TYPE = YES_ERROR;
				GCC_WARN_UNDECLARED_SELECTOR = YES;
				GCC_WARN_UNINITIALIZED_AUTOS = YES_AGGRESSIVE;
				GCC_WARN_UNUSED_FUNCTION = YES;
				GCC_WARN_UNUSED_VARIABLE = YES;
				IPHONEOS_DEPLOYMENT_TARGET = 16.4;
				MTL_ENABLE_DEBUG_INFO = NO;
				MTL_FAST_MATH = YES;
				SDKROOT = iphoneos;
				SWIFT_COMPILATION_MODE = wholemodule;
				SWIFT_OPTIMIZATION_LEVEL = "-O";
				VALIDATE_PRODUCT = YES;
			};
			name = Release;
		};
		7AEC639029DD81E000C8A8F3 /* Debug */ = {
			isa = XCBuildConfiguration;
			buildSettings = {
				ASSETCATALOG_COMPILER_APPICON_NAME = AppIcon;
				ASSETCATALOG_COMPILER_GLOBAL_ACCENT_COLOR_NAME = AccentColor;
				CODE_SIGN_STYLE = Automatic;
				CURRENT_PROJECT_VERSION = 1;
				DEVELOPMENT_ASSET_PATHS = "\"Beatz_Fitness_App/Preview Content\"";
				DEVELOPMENT_TEAM = 9RY44N87S7;
				ENABLE_PREVIEWS = YES;
				GENERATE_INFOPLIST_FILE = YES;
				INFOPLIST_KEY_NSFaceIDUsageDescription = "";
				INFOPLIST_KEY_UIApplicationSceneManifest_Generation = YES;
				INFOPLIST_KEY_UIApplicationSupportsIndirectInputEvents = YES;
				INFOPLIST_KEY_UILaunchScreen_Generation = YES;
				INFOPLIST_KEY_UISupportedInterfaceOrientations = UIInterfaceOrientationPortrait;
				INFOPLIST_KEY_UISupportedInterfaceOrientations_iPad = "UIInterfaceOrientationLandscapeLeft UIInterfaceOrientationLandscapeRight UIInterfaceOrientationPortrait UIInterfaceOrientationPortraitUpsideDown";
				IPHONEOS_DEPLOYMENT_TARGET = 16.0;
				LD_RUNPATH_SEARCH_PATHS = (
					"$(inherited)",
					"@executable_path/Frameworks",
				);
				MARKETING_VERSION = 1.0;
				PRODUCT_BUNDLE_IDENTIFIER = "Maximillian-Stabe.VideoCoreData";
				PRODUCT_NAME = "$(TARGET_NAME)";
				SUPPORTED_PLATFORMS = "iphoneos iphonesimulator";
				SUPPORTS_MACCATALYST = NO;
				SUPPORTS_MAC_DESIGNED_FOR_IPHONE_IPAD = NO;
				SWIFT_EMIT_LOC_STRINGS = YES;
				SWIFT_VERSION = 5.0;
				TARGETED_DEVICE_FAMILY = 1;
			};
			name = Debug;
		};
		7AEC639129DD81E000C8A8F3 /* Release */ = {
			isa = XCBuildConfiguration;
			buildSettings = {
				ASSETCATALOG_COMPILER_APPICON_NAME = AppIcon;
				ASSETCATALOG_COMPILER_GLOBAL_ACCENT_COLOR_NAME = AccentColor;
				CODE_SIGN_STYLE = Automatic;
				CURRENT_PROJECT_VERSION = 1;
				DEVELOPMENT_ASSET_PATHS = "\"Beatz_Fitness_App/Preview Content\"";
				DEVELOPMENT_TEAM = 9RY44N87S7;
				ENABLE_PREVIEWS = YES;
				GENERATE_INFOPLIST_FILE = YES;
				INFOPLIST_KEY_NSFaceIDUsageDescription = "";
				INFOPLIST_KEY_UIApplicationSceneManifest_Generation = YES;
				INFOPLIST_KEY_UIApplicationSupportsIndirectInputEvents = YES;
				INFOPLIST_KEY_UILaunchScreen_Generation = YES;
				INFOPLIST_KEY_UISupportedInterfaceOrientations = UIInterfaceOrientationPortrait;
				INFOPLIST_KEY_UISupportedInterfaceOrientations_iPad = "UIInterfaceOrientationLandscapeLeft UIInterfaceOrientationLandscapeRight UIInterfaceOrientationPortrait UIInterfaceOrientationPortraitUpsideDown";
				IPHONEOS_DEPLOYMENT_TARGET = 16.0;
				LD_RUNPATH_SEARCH_PATHS = (
					"$(inherited)",
					"@executable_path/Frameworks",
				);
				MARKETING_VERSION = 1.0;
				PRODUCT_BUNDLE_IDENTIFIER = "Maximillian-Stabe.VideoCoreData";
				PRODUCT_NAME = "$(TARGET_NAME)";
				SUPPORTED_PLATFORMS = "iphoneos iphonesimulator";
				SUPPORTS_MACCATALYST = NO;
				SUPPORTS_MAC_DESIGNED_FOR_IPHONE_IPAD = NO;
				SWIFT_EMIT_LOC_STRINGS = YES;
				SWIFT_VERSION = 5.0;
				TARGETED_DEVICE_FAMILY = 1;
			};
			name = Release;
		};
/* End XCBuildConfiguration section */

/* Begin XCConfigurationList section */
		7AEC637C29DD81DE00C8A8F3 /* Build configuration list for PBXProject "Beatz_Fitness_App" */ = {
			isa = XCConfigurationList;
			buildConfigurations = (
				7AEC638D29DD81E000C8A8F3 /* Debug */,
				7AEC638E29DD81E000C8A8F3 /* Release */,
			);
			defaultConfigurationIsVisible = 0;
			defaultConfigurationName = Release;
		};
		7AEC638F29DD81E000C8A8F3 /* Build configuration list for PBXNativeTarget "Beatz_Fitness_App" */ = {
			isa = XCConfigurationList;
			buildConfigurations = (
				7AEC639029DD81E000C8A8F3 /* Debug */,
				7AEC639129DD81E000C8A8F3 /* Release */,
			);
			defaultConfigurationIsVisible = 0;
			defaultConfigurationName = Release;
		};
/* End XCConfigurationList section */

/* Begin XCRemoteSwiftPackageReference section */
		7A7879422A2C937F00342545 /* XCRemoteSwiftPackageReference "SwiftUI-Introspect" */ = {
			isa = XCRemoteSwiftPackageReference;
			repositoryURL = "https://github.com/siteline/SwiftUI-Introspect.git";
			requirement = {
				kind = upToNextMajorVersion;
				minimumVersion = 0.5.1;
			};
		};
		7AB3AFEC2A14C85500E5EBA8 /* XCRemoteSwiftPackageReference "ChartView" */ = {
			isa = XCRemoteSwiftPackageReference;
			repositoryURL = "https://github.com/AppPear/ChartView.git";
			requirement = {
				kind = upToNextMajorVersion;
				minimumVersion = 1.0.0;
			};
		};
/* End XCRemoteSwiftPackageReference section */

/* Begin XCSwiftPackageProductDependency section */
		7A7879432A2C937F00342545 /* Introspect */ = {
			isa = XCSwiftPackageProductDependency;
			package = 7A7879422A2C937F00342545 /* XCRemoteSwiftPackageReference "SwiftUI-Introspect" */;
			productName = Introspect;
		};
		7AB3AFED2A14C85500E5EBA8 /* SwiftUICharts */ = {
			isa = XCSwiftPackageProductDependency;
			package = 7AB3AFEC2A14C85500E5EBA8 /* XCRemoteSwiftPackageReference "ChartView" */;
			productName = SwiftUICharts;
		};
/* End XCSwiftPackageProductDependency section */

/* Begin XCVersionGroup section */
		7AEC639229DD820E00C8A8F3 /* Model.xcdatamodeld */ = {
			isa = XCVersionGroup;
			children = (
				7AEC639329DD820E00C8A8F3 /* Model.xcdatamodel */,
			);
			currentVersion = 7AEC639329DD820E00C8A8F3 /* Model.xcdatamodel */;
			path = Model.xcdatamodeld;
			sourceTree = "<group>";
			versionGroupType = wrapper.xcdatamodel;
		};
/* End XCVersionGroup section */
	};
	rootObject = 7AEC637929DD81DE00C8A8F3 /* Project object */;
}
